
Microsoft Visual Studio Solution File, Format Version 12.00
# Visual Studio Version 17
VisualStudioVersion = 17.5.33502.453
MinimumVisualStudioVersion = 10.0.40219.1
Project("{FAE04EC0-301F-11D3-BF4B-00C04F79EFBC}") = "KorKerTer", "KorKerTer\KorKerTer.csproj", "{BC020E6E-6D0D-4EE5-A7FA-110B89342E68}"
EndProject
Global
	GlobalSection(SolutionConfigurationPlatforms) = preSolution
		Debug|Any CPU = Debug|Any CPU
		Release|Any CPU = Release|Any CPU
	EndGlobalSection
	GlobalSection(ProjectConfigurationPlatforms) = postSolution
		{BC020E6E-6D0D-4EE5-A7FA-110B89342E68}.Debug|Any CPU.ActiveCfg = Debug|Any CPU
		{BC020E6E-6D0D-4EE5-A7FA-110B89342E68}.Debug|Any CPU.Build.0 = Debug|Any CPU
		{BC020E6E-6D0D-4EE5-A7FA-110B89342E68}.Release|Any CPU.ActiveCfg = Release|Any CPU
		{BC020E6E-6D0D-4EE5-A7FA-110B89342E68}.Release|Any CPU.Build.0 = Release|Any CPU
	EndGlobalSection
	GlobalSection(SolutionProperties) = preSolution
		HideSolutionNode = FALSE
	EndGlobalSection
	GlobalSection(ExtensibilityGlobals) = postSolution
		SolutionGuid = {D6D4B384-0C74-490D-B258-5918C7924BED}
	EndGlobalSection
EndGlobal
