
Microsoft Visual Studio Solution File, Format Version 12.00
# Visual Studio Version 17
VisualStudioVersion = 17.0.32112.339
MinimumVisualStudioVersion = 10.0.40219.1
Project("{FAE04EC0-301F-11D3-BF4B-00C04F79EFBC}") = "Filerendszer", "Filerendszer\Filerendszer.csproj", "{456E3721-9486-45DE-AB72-4A2FFF11D198}"
EndProject
Project("{FAE04EC0-301F-11D3-BF4B-00C04F79EFBC}") = "BetuSzam", "BetuSzam\BetuSzam.csproj", "{29502058-BFE1-4038-A88C-9914CD6DB54C}"
EndProject
Global
	GlobalSection(SolutionConfigurationPlatforms) = preSolution
		Debug|Any CPU = Debug|Any CPU
		Release|Any CPU = Release|Any CPU
	EndGlobalSection
	GlobalSection(ProjectConfigurationPlatforms) = postSolution
		{456E3721-9486-45DE-AB72-4A2FFF11D198}.Debug|Any CPU.ActiveCfg = Debug|Any CPU
		{456E3721-9486-45DE-AB72-4A2FFF11D198}.Debug|Any CPU.Build.0 = Debug|Any CPU
		{456E3721-9486-45DE-AB72-4A2FFF11D198}.Release|Any CPU.ActiveCfg = Release|Any CPU
		{456E3721-9486-45DE-AB72-4A2FFF11D198}.Release|Any CPU.Build.0 = Release|Any CPU
		{29502058-BFE1-4038-A88C-9914CD6DB54C}.Debug|Any CPU.ActiveCfg = Debug|Any CPU
		{29502058-BFE1-4038-A88C-9914CD6DB54C}.Debug|Any CPU.Build.0 = Debug|Any CPU
		{29502058-BFE1-4038-A88C-9914CD6DB54C}.Release|Any CPU.ActiveCfg = Release|Any CPU
		{29502058-BFE1-4038-A88C-9914CD6DB54C}.Release|Any CPU.Build.0 = Release|Any CPU
	EndGlobalSection
	GlobalSection(SolutionProperties) = preSolution
		HideSolutionNode = FALSE
	EndGlobalSection
	GlobalSection(ExtensibilityGlobals) = postSolution
		SolutionGuid = {D3184F99-53E2-4105-B99F-F820EEA429ED}
	EndGlobalSection
EndGlobal
