
Microsoft Visual Studio Solution File, Format Version 12.00
# Visual Studio Version 17
VisualStudioVersion = 17.5.33502.453
MinimumVisualStudioVersion = 10.0.40219.1
Project("{FAE04EC0-301F-11D3-BF4B-00C04F79EFBC}") = "StatStrHlp", "StatStrHlp\StatStrHlp.csproj", "{3D34B59B-9FC4-4E1A-9CA5-A42EADED0822}"
EndProject
Project("{FAE04EC0-301F-11D3-BF4B-00C04F79EFBC}") = "Autonyilvantarto", "Autonyilvantarto\Autonyilvantarto.csproj", "{7E45E2B4-F199-48A1-A08C-1F6BCC4E4B52}"
EndProject
Global
	GlobalSection(SolutionConfigurationPlatforms) = preSolution
		Debug|Any CPU = Debug|Any CPU
		Release|Any CPU = Release|Any CPU
	EndGlobalSection
	GlobalSection(ProjectConfigurationPlatforms) = postSolution
		{3D34B59B-9FC4-4E1A-9CA5-A42EADED0822}.Debug|Any CPU.ActiveCfg = Debug|Any CPU
		{3D34B59B-9FC4-4E1A-9CA5-A42EADED0822}.Debug|Any CPU.Build.0 = Debug|Any CPU
		{3D34B59B-9FC4-4E1A-9CA5-A42EADED0822}.Release|Any CPU.ActiveCfg = Release|Any CPU
		{3D34B59B-9FC4-4E1A-9CA5-A42EADED0822}.Release|Any CPU.Build.0 = Release|Any CPU
		{7E45E2B4-F199-48A1-A08C-1F6BCC4E4B52}.Debug|Any CPU.ActiveCfg = Debug|Any CPU
		{7E45E2B4-F199-48A1-A08C-1F6BCC4E4B52}.Debug|Any CPU.Build.0 = Debug|Any CPU
		{7E45E2B4-F199-48A1-A08C-1F6BCC4E4B52}.Release|Any CPU.ActiveCfg = Release|Any CPU
		{7E45E2B4-F199-48A1-A08C-1F6BCC4E4B52}.Release|Any CPU.Build.0 = Release|Any CPU
	EndGlobalSection
	GlobalSection(SolutionProperties) = preSolution
		HideSolutionNode = FALSE
	EndGlobalSection
	GlobalSection(ExtensibilityGlobals) = postSolution
		SolutionGuid = {6AB9D6CE-CE42-4F46-98BD-6220278CA847}
	EndGlobalSection
EndGlobal
